
Microsoft Visual Studio Solution File, Format Version 12.00
# Visual Studio Version 16
VisualStudioVersion = 16.0.29728.190
MinimumVisualStudioVersion = 10.0.40219.1
Project("{9A19103F-16F7-4668-BE54-9A1E7A4F7556}") = "LeopardToolKit", "LeopardToolKit\LeopardToolKit.csproj", "{884A1803-60B2-43A1-BEBE-F19C2B2D7BB7}"
EndProject
Project("{FAE04EC0-301F-11D3-BF4B-00C04F79EFBC}") = "LeopardToolKit.Test", "LeopardToolKit.Test\LeopardToolKit.Test.csproj", "{6346EDD2-895F-4468-90AA-0D44C2A4D9A5}"
EndProject
Global
	GlobalSection(SolutionConfigurationPlatforms) = preSolution
		Debug|Any CPU = Debug|Any CPU
		Release|Any CPU = Release|Any CPU
	EndGlobalSection
	GlobalSection(ProjectConfigurationPlatforms) = postSolution
		{884A1803-60B2-43A1-BEBE-F19C2B2D7BB7}.Debug|Any CPU.ActiveCfg = Debug|Any CPU
		{884A1803-60B2-43A1-BEBE-F19C2B2D7BB7}.Debug|Any CPU.Build.0 = Debug|Any CPU
		{884A1803-60B2-43A1-BEBE-F19C2B2D7BB7}.Release|Any CPU.ActiveCfg = Release|Any CPU
		{884A1803-60B2-43A1-BEBE-F19C2B2D7BB7}.Release|Any CPU.Build.0 = Release|Any CPU
		{6346EDD2-895F-4468-90AA-0D44C2A4D9A5}.Debug|Any CPU.ActiveCfg = Debug|Any CPU
		{6346EDD2-895F-4468-90AA-0D44C2A4D9A5}.Debug|Any CPU.Build.0 = Debug|Any CPU
		{6346EDD2-895F-4468-90AA-0D44C2A4D9A5}.Release|Any CPU.ActiveCfg = Release|Any CPU
		{6346EDD2-895F-4468-90AA-0D44C2A4D9A5}.Release|Any CPU.Build.0 = Release|Any CPU
	EndGlobalSection
	GlobalSection(SolutionProperties) = preSolution
		HideSolutionNode = FALSE
	EndGlobalSection
	GlobalSection(ExtensibilityGlobals) = postSolution
		SolutionGuid = {F79051A5-442C-4930-BAFE-1981F53A3FF8}
	EndGlobalSection
EndGlobal
